
Microsoft Visual Studio Solution File, Format Version 12.00
# Visual Studio Version 17
VisualStudioVersion = 17.9.34701.34
MinimumVisualStudioVersion = 10.0.40219.1
Project("{8BC9CEB8-8B4A-11D0-8D11-00A0C91BC942}") = "Weban", "Weban\Weban.vcxproj", "{212F525B-90B8-4FEF-82D9-726F97C928E8}"
EndProject
Global
	GlobalSection(SolutionConfigurationPlatforms) = preSolution
		Debug|x64 = Debug|x64
		Debug|x86 = Debug|x86
		Release|x64 = Release|x64
		Release|x86 = Release|x86
	EndGlobalSection
	GlobalSection(ProjectConfigurationPlatforms) = postSolution
		{212F525B-90B8-4FEF-82D9-726F97C928E8}.Debug|x64.ActiveCfg = Debug|x64
		{212F525B-90B8-4FEF-82D9-726F97C928E8}.Debug|x64.Build.0 = Debug|x64
		{212F525B-90B8-4FEF-82D9-726F97C928E8}.Debug|x86.ActiveCfg = Debug|Win32
		{212F525B-90B8-4FEF-82D9-726F97C928E8}.Debug|x86.Build.0 = Debug|Win32
		{212F525B-90B8-4FEF-82D9-726F97C928E8}.Release|x64.ActiveCfg = Release|x64
		{212F525B-90B8-4FEF-82D9-726F97C928E8}.Release|x64.Build.0 = Release|x64
		{212F525B-90B8-4FEF-82D9-726F97C928E8}.Release|x86.ActiveCfg = Release|Win32
		{212F525B-90B8-4FEF-82D9-726F97C928E8}.Release|x86.Build.0 = Release|Win32
	EndGlobalSection
	GlobalSection(SolutionProperties) = preSolution
		HideSolutionNode = FALSE
	EndGlobalSection
	GlobalSection(ExtensibilityGlobals) = postSolution
		SolutionGuid = {9686B482-1300-4772-9AF1-8BB9850806E5}
	EndGlobalSection
EndGlobal
